
Microsoft Visual Studio Solution File, Format Version 12.00
# Visual Studio Version 17
VisualStudioVersion = 17.3.32819.101
MinimumVisualStudioVersion = 10.0.40219.1
Project("{FAE04EC0-301F-11D3-BF4B-00C04F79EFBC}") = "IgnitionHacksShirleyXiao", "IgnitionHacksShirleyXiao.csproj", "{B64A268E-0E63-46CD-9219-7EB4D03C3605}"
EndProject
Global
	GlobalSection(SolutionConfigurationPlatforms) = preSolution
		Debug|Any CPU = Debug|Any CPU
		Release|Any CPU = Release|Any CPU
	EndGlobalSection
	GlobalSection(ProjectConfigurationPlatforms) = postSolution
		{B64A268E-0E63-46CD-9219-7EB4D03C3605}.Debug|Any CPU.ActiveCfg = Debug|Any CPU
		{B64A268E-0E63-46CD-9219-7EB4D03C3605}.Debug|Any CPU.Build.0 = Debug|Any CPU
		{B64A268E-0E63-46CD-9219-7EB4D03C3605}.Release|Any CPU.ActiveCfg = Release|Any CPU
		{B64A268E-0E63-46CD-9219-7EB4D03C3605}.Release|Any CPU.Build.0 = Release|Any CPU
	EndGlobalSection
	GlobalSection(SolutionProperties) = preSolution
		HideSolutionNode = FALSE
	EndGlobalSection
	GlobalSection(ExtensibilityGlobals) = postSolution
		SolutionGuid = {5276D139-29A7-4A61-BE50-2A0C9254ED76}
	EndGlobalSection
EndGlobal
